// !$*UTF8*$!
{
	archiveVersion = 1;
	classes = {
	};
	objectVersion = 55;
	objects = {

/* Begin PBXBuildFile section */
		D44C4D262872F43600C41DEC /* AppDelegate.swift in Sources */ = {isa = PBXBuildFile; fileRef = D44C4D252872F43600C41DEC /* AppDelegate.swift */; };
		D44C4D282872F43600C41DEC /* SceneDelegate.swift in Sources */ = {isa = PBXBuildFile; fileRef = D44C4D272872F43600C41DEC /* SceneDelegate.swift */; };
		D44C4D2F2872F43700C41DEC /* Assets.xcassets in Resources */ = {isa = PBXBuildFile; fileRef = D44C4D2E2872F43700C41DEC /* Assets.xcassets */; };
		D44C4D322872F43700C41DEC /* LaunchScreen.storyboard in Resources */ = {isa = PBXBuildFile; fileRef = D44C4D302872F43700C41DEC /* LaunchScreen.storyboard */; };
		D44C4D3A287589ED00C41DEC /* MainVC.swift in Sources */ = {isa = PBXBuildFile; fileRef = D44C4D39287589ED00C41DEC /* MainVC.swift */; };
		D44C4D3D28758A9E00C41DEC /* SnapKit in Frameworks */ = {isa = PBXBuildFile; productRef = D44C4D3C28758A9E00C41DEC /* SnapKit */; };
		D44C4D4028758AF200C41DEC /* Kingfisher in Frameworks */ = {isa = PBXBuildFile; productRef = D44C4D3F28758AF200C41DEC /* Kingfisher */; };
		D44C4D4228758B2A00C41DEC /* Beer.swift in Sources */ = {isa = PBXBuildFile; fileRef = D44C4D4128758B2A00C41DEC /* Beer.swift */; };
		D44C4D4428758EC900C41DEC /* BeerListCell.swift in Sources */ = {isa = PBXBuildFile; fileRef = D44C4D4328758EC900C41DEC /* BeerListCell.swift */; };
		D44C4D4728758F1C00C41DEC /* Then in Frameworks */ = {isa = PBXBuildFile; productRef = D44C4D4628758F1C00C41DEC /* Then */; };
		D44C4D492875989B00C41DEC /* DetailVC.swift in Sources */ = {isa = PBXBuildFile; fileRef = D44C4D482875989A00C41DEC /* DetailVC.swift */; };
/* End PBXBuildFile section */

/* Begin PBXFileReference section */
		D44C4D222872F43600C41DEC /* 17_Brewery.app */ = {isa = PBXFileReference; explicitFileType = wrapper.application; includeInIndex = 0; path = 17_Brewery.app; sourceTree = BUILT_PRODUCTS_DIR; };
		D44C4D252872F43600C41DEC /* AppDelegate.swift */ = {isa = PBXFileReference; lastKnownFileType = sourcecode.swift; path = AppDelegate.swift; sourceTree = "<group>"; };
		D44C4D272872F43600C41DEC /* SceneDelegate.swift */ = {isa = PBXFileReference; lastKnownFileType = sourcecode.swift; path = SceneDelegate.swift; sourceTree = "<group>"; };
		D44C4D2E2872F43700C41DEC /* Assets.xcassets */ = {isa = PBXFileReference; lastKnownFileType = folder.assetcatalog; path = Assets.xcassets; sourceTree = "<group>"; };
		D44C4D312872F43700C41DEC /* Base */ = {isa = PBXFileReference; lastKnownFileType = file.storyboard; name = Base; path = Base.lproj/LaunchScreen.storyboard; sourceTree = "<group>"; };
		D44C4D332872F43700C41DEC /* Info.plist */ = {isa = PBXFileReference; lastKnownFileType = text.plist.xml; path = Info.plist; sourceTree = "<group>"; };
		D44C4D39287589ED00C41DEC /* MainVC.swift */ = {isa = PBXFileReference; lastKnownFileType = sourcecode.swift; path = MainVC.swift; sourceTree = "<group>"; };
		D44C4D4128758B2A00C41DEC /* Beer.swift */ = {isa = PBXFileReference; lastKnownFileType = sourcecode.swift; path = Beer.swift; sourceTree = "<group>"; };
		D44C4D4328758EC900C41DEC /* BeerListCell.swift */ = {isa = PBXFileReference; lastKnownFileType = sourcecode.swift; path = BeerListCell.swift; sourceTree = "<group>"; };
		D44C4D482875989A00C41DEC /* DetailVC.swift */ = {isa = PBXFileReference; lastKnownFileType = sourcecode.swift; path = DetailVC.swift; sourceTree = "<group>"; };
/* End PBXFileReference section */

/* Begin PBXFrameworksBuildPhase section */
		D44C4D1F2872F43600C41DEC /* Frameworks */ = {
			isa = PBXFrameworksBuildPhase;
			buildActionMask = 2147483647;
			files = (
				D44C4D4028758AF200C41DEC /* Kingfisher in Frameworks */,
				D44C4D4728758F1C00C41DEC /* Then in Frameworks */,
				D44C4D3D28758A9E00C41DEC /* SnapKit in Frameworks */,
			);
			runOnlyForDeploymentPostprocessing = 0;
		};
/* End PBXFrameworksBuildPhase section */

/* Begin PBXGroup section */
		D44C4D192872F43600C41DEC = {
			isa = PBXGroup;
			children = (
				D44C4D242872F43600C41DEC /* 17_Brewery */,
				D44C4D232872F43600C41DEC /* Products */,
			);
			sourceTree = "<group>";
		};
		D44C4D232872F43600C41DEC /* Products */ = {
			isa = PBXGroup;
			children = (
				D44C4D222872F43600C41DEC /* 17_Brewery.app */,
			);
			name = Products;
			sourceTree = "<group>";
		};
		D44C4D242872F43600C41DEC /* 17_Brewery */ = {
			isa = PBXGroup;
			children = (
				D44C4D252872F43600C41DEC /* AppDelegate.swift */,
				D44C4D272872F43600C41DEC /* SceneDelegate.swift */,
				D44C4D39287589ED00C41DEC /* MainVC.swift */,
				D44C4D4328758EC900C41DEC /* BeerListCell.swift */,
				D44C4D482875989A00C41DEC /* DetailVC.swift */,
				D44C4D4128758B2A00C41DEC /* Beer.swift */,
				D44C4D2E2872F43700C41DEC /* Assets.xcassets */,
				D44C4D302872F43700C41DEC /* LaunchScreen.storyboard */,
				D44C4D332872F43700C41DEC /* Info.plist */,
			);
			path = 17_Brewery;
			sourceTree = "<group>";
		};
/* End PBXGroup section */

/* Begin PBXNativeTarget section */
		D44C4D212872F43600C41DEC /* 17_Brewery */ = {
			isa = PBXNativeTarget;
			buildConfigurationList = D44C4D362872F43700C41DEC /* Build configuration list for PBXNativeTarget "17_Brewery" */;
			buildPhases = (
				D44C4D1E2872F43600C41DEC /* Sources */,
				D44C4D1F2872F43600C41DEC /* Frameworks */,
				D44C4D202872F43600C41DEC /* Resources */,
			);
			buildRules = (
			);
			dependencies = (
			);
			name = 17_Brewery;
			packageProductDependencies = (
				D44C4D3C28758A9E00C41DEC /* SnapKit */,
				D44C4D3F28758AF200C41DEC /* Kingfisher */,
				D44C4D4628758F1C00C41DEC /* Then */,
			);
			productName = 17_Brewery;
			productReference = D44C4D222872F43600C41DEC /* 17_Brewery.app */;
			productType = "com.apple.product-type.application";
		};
/* End PBXNativeTarget section */

/* Begin PBXProject section */
		D44C4D1A2872F43600C41DEC /* Project object */ = {
			isa = PBXProject;
			attributes = {
				BuildIndependentTargetsInParallel = 1;
				LastSwiftUpdateCheck = 1320;
				LastUpgradeCheck = 1320;
				TargetAttributes = {
					D44C4D212872F43600C41DEC = {
						CreatedOnToolsVersion = 13.2.1;
					};
				};
			};
			buildConfigurationList = D44C4D1D2872F43600C41DEC /* Build configuration list for PBXProject "17_Brewery" */;
			compatibilityVersion = "Xcode 13.0";
			developmentRegion = en;
			hasScannedForEncodings = 0;
			knownRegions = (
				en,
				Base,
			);
			mainGroup = D44C4D192872F43600C41DEC;
			packageReferences = (
				D44C4D3B28758A9E00C41DEC /* XCRemoteSwiftPackageReference "SnapKit" */,
				D44C4D3E28758AF200C41DEC /* XCRemoteSwiftPackageReference "Kingfisher" */,
				D44C4D4528758F1C00C41DEC /* XCRemoteSwiftPackageReference "Then" */,
			);
			productRefGroup = D44C4D232872F43600C41DEC /* Products */;
			projectDirPath = "";
			projectRoot = "";
			targets = (
				D44C4D212872F43600C41DEC /* 17_Brewery */,
			);
		};
/* End PBXProject section */

/* Begin PBXResourcesBuildPhase section */
		D44C4D202872F43600C41DEC /* Resources */ = {
			isa = PBXResourcesBuildPhase;
			buildActionMask = 2147483647;
			files = (
				D44C4D322872F43700C41DEC /* LaunchScreen.storyboard in Resources */,
				D44C4D2F2872F43700C41DEC /* Assets.xcassets in Resources */,
			);
			runOnlyForDeploymentPostprocessing = 0;
		};
/* End PBXResourcesBuildPhase section */

/* Begin PBXSourcesBuildPhase section */
		D44C4D1E2872F43600C41DEC /* Sources */ = {
			isa = PBXSourcesBuildPhase;
			buildActionMask = 2147483647;
			files = (
				D44C4D262872F43600C41DEC /* AppDelegate.swift in Sources */,
				D44C4D3A287589ED00C41DEC /* MainVC.swift in Sources */,
				D44C4D282872F43600C41DEC /* SceneDelegate.swift in Sources */,
				D44C4D4228758B2A00C41DEC /* Beer.swift in Sources */,
				D44C4D4428758EC900C41DEC /* BeerListCell.swift in Sources */,
				D44C4D492875989B00C41DEC /* DetailVC.swift in Sources */,
			);
			runOnlyForDeploymentPostprocessing = 0;
		};
/* End PBXSourcesBuildPhase section */

/* Begin PBXVariantGroup section */
		D44C4D302872F43700C41DEC /* LaunchScreen.storyboard */ = {
			isa = PBXVariantGroup;
			children = (
				D44C4D312872F43700C41DEC /* Base */,
			);
			name = LaunchScreen.storyboard;
			sourceTree = "<group>";
		};
/* End PBXVariantGroup section */

/* Begin XCBuildConfiguration section */
		D44C4D342872F43700C41DEC /* Debug */ = {
			isa = XCBuildConfiguration;
			buildSettings = {
				ALWAYS_SEARCH_USER_PATHS = NO;
				CLANG_ANALYZER_NONNULL = YES;
				CLANG_ANALYZER_NUMBER_OBJECT_CONVERSION = YES_AGGRESSIVE;
				CLANG_CXX_LANGUAGE_STANDARD = "gnu++17";
				CLANG_CXX_LIBRARY = "libc++";
				CLANG_ENABLE_MODULES = YES;
				CLANG_ENABLE_OBJC_ARC = YES;
				CLANG_ENABLE_OBJC_WEAK = YES;
				CLANG_WARN_BLOCK_CAPTURE_AUTORELEASING = YES;
				CLANG_WARN_BOOL_CONVERSION = YES;
				CLANG_WARN_COMMA = YES;
				CLANG_WARN_CONSTANT_CONVERSION = YES;
				CLANG_WARN_DEPRECATED_OBJC_IMPLEMENTATIONS = YES;
				CLANG_WARN_DIRECT_OBJC_ISA_USAGE = YES_ERROR;
				CLANG_WARN_DOCUMENTATION_COMMENTS = YES;
				CLANG_WARN_EMPTY_BODY = YES;
				CLANG_WARN_ENUM_CONVERSION = YES;
				CLANG_WARN_INFINITE_RECURSION = YES;
				CLANG_WARN_INT_CONVERSION = YES;
				CLANG_WARN_NON_LITERAL_NULL_CONVERSION = YES;
				CLANG_WARN_OBJC_IMPLICIT_RETAIN_SELF = YES;
				CLANG_WARN_OBJC_LITERAL_CONVERSION = YES;
				CLANG_WARN_OBJC_ROOT_CLASS = YES_ERROR;
				CLANG_WARN_QUOTED_INCLUDE_IN_FRAMEWORK_HEADER = YES;
				CLANG_WARN_RANGE_LOOP_ANALYSIS = YES;
				CLANG_WARN_STRICT_PROTOTYPES = YES;
				CLANG_WARN_SUSPICIOUS_MOVE = YES;
				CLANG_WARN_UNGUARDED_AVAILABILITY = YES_AGGRESSIVE;
				CLANG_WARN_UNREACHABLE_CODE = YES;
				CLANG_WARN__DUPLICATE_METHOD_MATCH = YES;
				COPY_PHASE_STRIP = NO;
				DEBUG_INFORMATION_FORMAT = dwarf;
				ENABLE_STRICT_OBJC_MSGSEND = YES;
				ENABLE_TESTABILITY = YES;
				GCC_C_LANGUAGE_STANDARD = gnu11;
				GCC_DYNAMIC_NO_PIC = NO;
				GCC_NO_COMMON_BLOCKS = YES;
				GCC_OPTIMIZATION_LEVEL = 0;
				GCC_PREPROCESSOR_DEFINITIONS = (
					"DEBUG=1",
					"$(inherited)",
				);
				GCC_WARN_64_TO_32_BIT_CONVERSION = YES;
				GCC_WARN_ABOUT_RETURN_TYPE = YES_ERROR;
				GCC_WARN_UNDECLARED_SELECTOR = YES;
				GCC_WARN_UNINITIALIZED_AUTOS = YES_AGGRESSIVE;
				GCC_WARN_UNUSED_FUNCTION = YES;
				GCC_WARN_UNUSED_VARIABLE = YES;
				IPHONEOS_DEPLOYMENT_TARGET = 15.2;
				MTL_ENABLE_DEBUG_INFO = INCLUDE_SOURCE;
				MTL_FAST_MATH = YES;
				ONLY_ACTIVE_ARCH = YES;
				SDKROOT = iphoneos;
				SWIFT_ACTIVE_COMPILATION_CONDITIONS = DEBUG;
				SWIFT_OPTIMIZATION_LEVEL = "-Onone";
			};
			name = Debug;
		};
		D44C4D352872F43700C41DEC /* Release */ = {
			isa = XCBuildConfiguration;
			buildSettings = {
				ALWAYS_SEARCH_USER_PATHS = NO;
				CLANG_ANALYZER_NONNULL = YES;
				CLANG_ANALYZER_NUMBER_OBJECT_CONVERSION = YES_AGGRESSIVE;
				CLANG_CXX_LANGUAGE_STANDARD = "gnu++17";
				CLANG_CXX_LIBRARY = "libc++";
				CLANG_ENABLE_MODULES = YES;
				CLANG_ENABLE_OBJC_ARC = YES;
				CLANG_ENABLE_OBJC_WEAK = YES;
				CLANG_WARN_BLOCK_CAPTURE_AUTORELEASING = YES;
				CLANG_WARN_BOOL_CONVERSION = YES;
				CLANG_WARN_COMMA = YES;
				CLANG_WARN_CONSTANT_CONVERSION = YES;
				CLANG_WARN_DEPRECATED_OBJC_IMPLEMENTATIONS = YES;
				CLANG_WARN_DIRECT_OBJC_ISA_USAGE = YES_ERROR;
				CLANG_WARN_DOCUMENTATION_COMMENTS = YES;
				CLANG_WARN_EMPTY_BODY = YES;
				CLANG_WARN_ENUM_CONVERSION = YES;
				CLANG_WARN_INFINITE_RECURSION = YES;
				CLANG_WARN_INT_CONVERSION = YES;
				CLANG_WARN_NON_LITERAL_NULL_CONVERSION = YES;
				CLANG_WARN_OBJC_IMPLICIT_RETAIN_SELF = YES;
				CLANG_WARN_OBJC_LITERAL_CONVERSION = YES;
				CLANG_WARN_OBJC_ROOT_CLASS = YES_ERROR;
				CLANG_WARN_QUOTED_INCLUDE_IN_FRAMEWORK_HEADER = YES;
				CLANG_WARN_RANGE_LOOP_ANALYSIS = YES;
				CLANG_WARN_STRICT_PROTOTYPES = YES;
				CLANG_WARN_SUSPICIOUS_MOVE = YES;
				CLANG_WARN_UNGUARDED_AVAILABILITY = YES_AGGRESSIVE;
				CLANG_WARN_UNREACHABLE_CODE = YES;
				CLANG_WARN__DUPLICATE_METHOD_MATCH = YES;
				COPY_PHASE_STRIP = NO;
				DEBUG_INFORMATION_FORMAT = "dwarf-with-dsym";
				ENABLE_NS_ASSERTIONS = NO;
				ENABLE_STRICT_OBJC_MSGSEND = YES;
				GCC_C_LANGUAGE_STANDARD = gnu11;
				GCC_NO_COMMON_BLOCKS = YES;
				GCC_WARN_64_TO_32_BIT_CONVERSION = YES;
				GCC_WARN_ABOUT_RETURN_TYPE = YES_ERROR;
				GCC_WARN_UNDECLARED_SELECTOR = YES;
				GCC_WARN_UNINITIALIZED_AUTOS = YES_AGGRESSIVE;
				GCC_WARN_UNUSED_FUNCTION = YES;
				GCC_WARN_UNUSED_VARIABLE = YES;
				IPHONEOS_DEPLOYMENT_TARGET = 15.2;
				MTL_ENABLE_DEBUG_INFO = NO;
				MTL_FAST_MATH = YES;
				SDKROOT = iphoneos;
				SWIFT_COMPILATION_MODE = wholemodule;
				SWIFT_OPTIMIZATION_LEVEL = "-O";
				VALIDATE_PRODUCT = YES;
			};
			name = Release;
		};
		D44C4D372872F43700C41DEC /* Debug */ = {
			isa = XCBuildConfiguration;
			buildSettings = {
				ASSETCATALOG_COMPILER_APPICON_NAME = AppIcon;
				ASSETCATALOG_COMPILER_GLOBAL_ACCENT_COLOR_NAME = AccentColor;
				CODE_SIGN_STYLE = Automatic;
				CURRENT_PROJECT_VERSION = 1;
				DEVELOPMENT_TEAM = 6V8879W55Z;
				GENERATE_INFOPLIST_FILE = YES;
				INFOPLIST_FILE = 17_Brewery/Info.plist;
				INFOPLIST_KEY_UIApplicationSupportsIndirectInputEvents = YES;
				INFOPLIST_KEY_UILaunchStoryboardName = LaunchScreen;
				INFOPLIST_KEY_UISupportedInterfaceOrientations_iPad = "UIInterfaceOrientationPortrait UIInterfaceOrientationPortraitUpsideDown UIInterfaceOrientationLandscapeLeft UIInterfaceOrientationLandscapeRight";
				INFOPLIST_KEY_UISupportedInterfaceOrientations_iPhone = "UIInterfaceOrientationPortrait UIInterfaceOrientationLandscapeLeft UIInterfaceOrientationLandscapeRight";
				LD_RUNPATH_SEARCH_PATHS = (
					"$(inherited)",
					"@executable_path/Frameworks",
				);
				MARKETING_VERSION = 1.0;
				PRODUCT_BUNDLE_IDENTIFIER = "com.-7-Brewery";
				PRODUCT_NAME = "$(TARGET_NAME)";
				SWIFT_EMIT_LOC_STRINGS = YES;
				SWIFT_VERSION = 5.0;
				TARGETED_DEVICE_FAMILY = "1,2";
			};
			name = Debug;
		};
		D44C4D382872F43700C41DEC /* Release */ = {
			isa = XCBuildConfiguration;
			buildSettings = {
				ASSETCATALOG_COMPILER_APPICON_NAME = AppIcon;
				ASSETCATALOG_COMPILER_GLOBAL_ACCENT_COLOR_NAME = AccentColor;
				CODE_SIGN_STYLE = Automatic;
				CURRENT_PROJECT_VERSION = 1;
				DEVELOPMENT_TEAM = 6V8879W55Z;
				GENERATE_INFOPLIST_FILE = YES;
				INFOPLIST_FILE = 17_Brewery/Info.plist;
				INFOPLIST_KEY_UIApplicationSupportsIndirectInputEvents = YES;
				INFOPLIST_KEY_UILaunchStoryboardName = LaunchScreen;
				INFOPLIST_KEY_UISupportedInterfaceOrientations_iPad = "UIInterfaceOrientationPortrait UIInterfaceOrientationPortraitUpsideDown UIInterfaceOrientationLandscapeLeft UIInterfaceOrientationLandscapeRight";
				INFOPLIST_KEY_UISupportedInterfaceOrientations_iPhone = "UIInterfaceOrientationPortrait UIInterfaceOrientationLandscapeLeft UIInterfaceOrientationLandscapeRight";
				LD_RUNPATH_SEARCH_PATHS = (
					"$(inherited)",
					"@executable_path/Frameworks",
				);
				MARKETING_VERSION = 1.0;
				PRODUCT_BUNDLE_IDENTIFIER = "com.-7-Brewery";
				PRODUCT_NAME = "$(TARGET_NAME)";
				SWIFT_EMIT_LOC_STRINGS = YES;
				SWIFT_VERSION = 5.0;
				TARGETED_DEVICE_FAMILY = "1,2";
			};
			name = Release;
		};
/* End XCBuildConfiguration section */

/* Begin XCConfigurationList section */
		D44C4D1D2872F43600C41DEC /* Build configuration list for PBXProject "17_Brewery" */ = {
			isa = XCConfigurationList;
			buildConfigurations = (
				D44C4D342872F43700C41DEC /* Debug */,
				D44C4D352872F43700C41DEC /* Release */,
			);
			defaultConfigurationIsVisible = 0;
			defaultConfigurationName = Release;
		};
		D44C4D362872F43700C41DEC /* Build configuration list for PBXNativeTarget "17_Brewery" */ = {
			isa = XCConfigurationList;
			buildConfigurations = (
				D44C4D372872F43700C41DEC /* Debug */,
				D44C4D382872F43700C41DEC /* Release */,
			);
			defaultConfigurationIsVisible = 0;
			defaultConfigurationName = Release;
		};
/* End XCConfigurationList section */

/* Begin XCRemoteSwiftPackageReference section */
		D44C4D3B28758A9E00C41DEC /* XCRemoteSwiftPackageReference "SnapKit" */ = {
			isa = XCRemoteSwiftPackageReference;
			repositoryURL = "https://github.com/SnapKit/SnapKit.git";
			requirement = {
				kind = upToNextMajorVersion;
				minimumVersion = 5.0.0;
			};
		};
		D44C4D3E28758AF200C41DEC /* XCRemoteSwiftPackageReference "Kingfisher" */ = {
			isa = XCRemoteSwiftPackageReference;
			repositoryURL = "https://github.com/onevcat/Kingfisher.git";
			requirement = {
				kind = upToNextMajorVersion;
				minimumVersion = 7.0.0;
			};
		};
		D44C4D4528758F1C00C41DEC /* XCRemoteSwiftPackageReference "Then" */ = {
			isa = XCRemoteSwiftPackageReference;
			repositoryURL = "https://github.com/devxoul/Then";
			requirement = {
				kind = upToNextMajorVersion;
				minimumVersion = 3.0.0;
			};
		};
/* End XCRemoteSwiftPackageReference section */

/* Begin XCSwiftPackageProductDependency section */
		D44C4D3C28758A9E00C41DEC /* SnapKit */ = {
			isa = XCSwiftPackageProductDependency;
			package = D44C4D3B28758A9E00C41DEC /* XCRemoteSwiftPackageReference "SnapKit" */;
			productName = SnapKit;
		};
		D44C4D3F28758AF200C41DEC /* Kingfisher */ = {
			isa = XCSwiftPackageProductDependency;
			package = D44C4D3E28758AF200C41DEC /* XCRemoteSwiftPackageReference "Kingfisher" */;
			productName = Kingfisher;
		};
		D44C4D4628758F1C00C41DEC /* Then */ = {
			isa = XCSwiftPackageProductDependency;
			package = D44C4D4528758F1C00C41DEC /* XCRemoteSwiftPackageReference "Then" */;
			productName = Then;
		};
/* End XCSwiftPackageProductDependency section */
	};
	rootObject = D44C4D1A2872F43600C41DEC /* Project object */;
}
